
Microsoft Visual Studio Solution File, Format Version 12.00
# Visual Studio 14
VisualStudioVersion = 14.0.24720.0
MinimumVisualStudioVersion = 10.0.40219.1
Project("{2150E333-8FDC-42A3-9474-1A3956D46DE8}") = "src", "src", "{15F298D4-4066-4FF0-8269-81813A4A0BFB}"
EndProject
Project("{2150E333-8FDC-42A3-9474-1A3956D46DE8}") = "Solution Items", "Solution Items", "{65E6608E-FD51-4D05-9E6E-303E20158FC4}"
	ProjectSection(SolutionItems) = preProject
		global.json = global.json
		README.md = README.md
	EndProjectSection
EndProject
Project("{8BB2217D-0F2D-49D1-97BC-3654ED321F3B}") = "MechHisui", "src\MechHisui\MechHisui.xproj", "{608E597B-8AD9-4CFB-8300-F3BCFCA16853}"
EndProject
Project("{8BB2217D-0F2D-49D1-97BC-3654ED321F3B}") = "MechHisui.FateGOLib", "src\MechHisui.FateGOLib\MechHisui.FateGOLib.xproj", "{24297E0A-6061-4AB1-81B3-A34A06556DC2}"
EndProject
Project("{8BB2217D-0F2D-49D1-97BC-3654ED321F3B}") = "MechHisui.TriviaService", "src\MechHisui.TriviaServiceLib\MechHisui.TriviaService.xproj", "{4A58457F-D45B-4569-BBC7-91C0EE17771E}"
EndProject
Project("{8BB2217D-0F2D-49D1-97BC-3654ED321F3B}") = "JiiLib.Net", "..\JiiLib\src\JiiLib.Net\JiiLib.Net.xproj", "{71B6DA4E-A5FC-4250-852A-28CB42E94437}"
EndProject
Project("{8BB2217D-0F2D-49D1-97BC-3654ED321F3B}") = "JiiLib", "..\JiiLib\src\JiiLib\JiiLib.xproj", "{45746AAA-C725-48D5-8957-161D5E68CFC7}"
EndProject
Project("{8BB2217D-0F2D-49D1-97BC-3654ED321F3B}") = "MechHisui.FfrkLib", "src\MechHisui.FfrkLib\MechHisui.FfrkLib.xproj", "{06BAFD87-1ADC-4C5C-ABB5-F5B7AF86C8A8}"
EndProject
Project("{8BB2217D-0F2D-49D1-97BC-3654ED321F3B}") = "GudakoBot", "src\GudakoBot\GudakoBot.xproj", "{5453B1D5-07FF-4162-ADD1-3947EB144872}"
EndProject
Global
	GlobalSection(SolutionConfigurationPlatforms) = preSolution
		Debug|Any CPU = Debug|Any CPU
		FullDebug|Any CPU = FullDebug|Any CPU
		Release|Any CPU = Release|Any CPU
		TestResponses|Any CPU = TestResponses|Any CPU
	EndGlobalSection
	GlobalSection(ProjectConfigurationPlatforms) = postSolution
		{608E597B-8AD9-4CFB-8300-F3BCFCA16853}.Debug|Any CPU.ActiveCfg = Debug|Any CPU
		{608E597B-8AD9-4CFB-8300-F3BCFCA16853}.Debug|Any CPU.Build.0 = Debug|Any CPU
		{608E597B-8AD9-4CFB-8300-F3BCFCA16853}.FullDebug|Any CPU.ActiveCfg = Debug|Any CPU
		{608E597B-8AD9-4CFB-8300-F3BCFCA16853}.FullDebug|Any CPU.Build.0 = Debug|Any CPU
		{608E597B-8AD9-4CFB-8300-F3BCFCA16853}.Release|Any CPU.ActiveCfg = Release|Any CPU
		{608E597B-8AD9-4CFB-8300-F3BCFCA16853}.Release|Any CPU.Build.0 = Release|Any CPU
		{608E597B-8AD9-4CFB-8300-F3BCFCA16853}.TestResponses|Any CPU.ActiveCfg = Release|Any CPU
		{608E597B-8AD9-4CFB-8300-F3BCFCA16853}.TestResponses|Any CPU.Build.0 = Release|Any CPU
		{24297E0A-6061-4AB1-81B3-A34A06556DC2}.Debug|Any CPU.ActiveCfg = Debug|Any CPU
		{24297E0A-6061-4AB1-81B3-A34A06556DC2}.Debug|Any CPU.Build.0 = Debug|Any CPU
		{24297E0A-6061-4AB1-81B3-A34A06556DC2}.FullDebug|Any CPU.ActiveCfg = Debug|Any CPU
		{24297E0A-6061-4AB1-81B3-A34A06556DC2}.FullDebug|Any CPU.Build.0 = Debug|Any CPU
		{24297E0A-6061-4AB1-81B3-A34A06556DC2}.Release|Any CPU.ActiveCfg = Release|Any CPU
		{24297E0A-6061-4AB1-81B3-A34A06556DC2}.Release|Any CPU.Build.0 = Release|Any CPU
		{24297E0A-6061-4AB1-81B3-A34A06556DC2}.TestResponses|Any CPU.ActiveCfg = Release|Any CPU
		{24297E0A-6061-4AB1-81B3-A34A06556DC2}.TestResponses|Any CPU.Build.0 = Release|Any CPU
		{4A58457F-D45B-4569-BBC7-91C0EE17771E}.Debug|Any CPU.ActiveCfg = Debug|Any CPU
		{4A58457F-D45B-4569-BBC7-91C0EE17771E}.Debug|Any CPU.Build.0 = Debug|Any CPU
		{4A58457F-D45B-4569-BBC7-91C0EE17771E}.FullDebug|Any CPU.ActiveCfg = Debug|Any CPU
		{4A58457F-D45B-4569-BBC7-91C0EE17771E}.FullDebug|Any CPU.Build.0 = Debug|Any CPU
		{4A58457F-D45B-4569-BBC7-91C0EE17771E}.Release|Any CPU.ActiveCfg = Release|Any CPU
		{4A58457F-D45B-4569-BBC7-91C0EE17771E}.Release|Any CPU.Build.0 = Release|Any CPU
		{4A58457F-D45B-4569-BBC7-91C0EE17771E}.TestResponses|Any CPU.ActiveCfg = Release|Any CPU
		{4A58457F-D45B-4569-BBC7-91C0EE17771E}.TestResponses|Any CPU.Build.0 = Release|Any CPU
		{71B6DA4E-A5FC-4250-852A-28CB42E94437}.Debug|Any CPU.ActiveCfg = Debug|Any CPU
		{71B6DA4E-A5FC-4250-852A-28CB42E94437}.Debug|Any CPU.Build.0 = Debug|Any CPU
		{71B6DA4E-A5FC-4250-852A-28CB42E94437}.FullDebug|Any CPU.ActiveCfg = Debug|Any CPU
		{71B6DA4E-A5FC-4250-852A-28CB42E94437}.FullDebug|Any CPU.Build.0 = Debug|Any CPU
		{71B6DA4E-A5FC-4250-852A-28CB42E94437}.Release|Any CPU.ActiveCfg = Release|Any CPU
		{71B6DA4E-A5FC-4250-852A-28CB42E94437}.Release|Any CPU.Build.0 = Release|Any CPU
		{71B6DA4E-A5FC-4250-852A-28CB42E94437}.TestResponses|Any CPU.ActiveCfg = Release|Any CPU
		{71B6DA4E-A5FC-4250-852A-28CB42E94437}.TestResponses|Any CPU.Build.0 = Release|Any CPU
		{45746AAA-C725-48D5-8957-161D5E68CFC7}.Debug|Any CPU.ActiveCfg = Debug|Any CPU
		{45746AAA-C725-48D5-8957-161D5E68CFC7}.Debug|Any CPU.Build.0 = Debug|Any CPU
		{45746AAA-C725-48D5-8957-161D5E68CFC7}.FullDebug|Any CPU.ActiveCfg = Debug|Any CPU
		{45746AAA-C725-48D5-8957-161D5E68CFC7}.FullDebug|Any CPU.Build.0 = Debug|Any CPU
		{45746AAA-C725-48D5-8957-161D5E68CFC7}.Release|Any CPU.ActiveCfg = Release|Any CPU
		{45746AAA-C725-48D5-8957-161D5E68CFC7}.Release|Any CPU.Build.0 = Release|Any CPU
		{45746AAA-C725-48D5-8957-161D5E68CFC7}.TestResponses|Any CPU.ActiveCfg = Release|Any CPU
		{45746AAA-C725-48D5-8957-161D5E68CFC7}.TestResponses|Any CPU.Build.0 = Release|Any CPU
		{06BAFD87-1ADC-4C5C-ABB5-F5B7AF86C8A8}.Debug|Any CPU.ActiveCfg = Debug|Any CPU
		{06BAFD87-1ADC-4C5C-ABB5-F5B7AF86C8A8}.Debug|Any CPU.Build.0 = Debug|Any CPU
		{06BAFD87-1ADC-4C5C-ABB5-F5B7AF86C8A8}.FullDebug|Any CPU.ActiveCfg = Debug|Any CPU
		{06BAFD87-1ADC-4C5C-ABB5-F5B7AF86C8A8}.FullDebug|Any CPU.Build.0 = Debug|Any CPU
		{06BAFD87-1ADC-4C5C-ABB5-F5B7AF86C8A8}.Release|Any CPU.ActiveCfg = Release|Any CPU
		{06BAFD87-1ADC-4C5C-ABB5-F5B7AF86C8A8}.Release|Any CPU.Build.0 = Release|Any CPU
		{06BAFD87-1ADC-4C5C-ABB5-F5B7AF86C8A8}.TestResponses|Any CPU.ActiveCfg = Release|Any CPU
		{06BAFD87-1ADC-4C5C-ABB5-F5B7AF86C8A8}.TestResponses|Any CPU.Build.0 = Release|Any CPU
		{5453B1D5-07FF-4162-ADD1-3947EB144872}.Debug|Any CPU.ActiveCfg = Debug|Any CPU
		{5453B1D5-07FF-4162-ADD1-3947EB144872}.Debug|Any CPU.Build.0 = Debug|Any CPU
		{5453B1D5-07FF-4162-ADD1-3947EB144872}.FullDebug|Any CPU.ActiveCfg = Debug|Any CPU
		{5453B1D5-07FF-4162-ADD1-3947EB144872}.FullDebug|Any CPU.Build.0 = Debug|Any CPU
		{5453B1D5-07FF-4162-ADD1-3947EB144872}.Release|Any CPU.ActiveCfg = Release|Any CPU
		{5453B1D5-07FF-4162-ADD1-3947EB144872}.Release|Any CPU.Build.0 = Release|Any CPU
		{5453B1D5-07FF-4162-ADD1-3947EB144872}.TestResponses|Any CPU.ActiveCfg = Debug|Any CPU
		{5453B1D5-07FF-4162-ADD1-3947EB144872}.TestResponses|Any CPU.Build.0 = Debug|Any CPU
	EndGlobalSection
	GlobalSection(SolutionProperties) = preSolution
		HideSolutionNode = FALSE
	EndGlobalSection
	GlobalSection(NestedProjects) = preSolution
		{608E597B-8AD9-4CFB-8300-F3BCFCA16853} = {15F298D4-4066-4FF0-8269-81813A4A0BFB}
		{24297E0A-6061-4AB1-81B3-A34A06556DC2} = {15F298D4-4066-4FF0-8269-81813A4A0BFB}
		{4A58457F-D45B-4569-BBC7-91C0EE17771E} = {15F298D4-4066-4FF0-8269-81813A4A0BFB}
		{06BAFD87-1ADC-4C5C-ABB5-F5B7AF86C8A8} = {15F298D4-4066-4FF0-8269-81813A4A0BFB}
		{5453B1D5-07FF-4162-ADD1-3947EB144872} = {15F298D4-4066-4FF0-8269-81813A4A0BFB}
	EndGlobalSection
EndGlobal
