
Microsoft Visual Studio Solution File, Format Version 12.00
# Visual Studio 15
VisualStudioVersion = 15.0.26014.0
MinimumVisualStudioVersion = 10.0.40219.1
Project("{2150E333-8FDC-42A3-9474-1A3956D46DE8}") = "src", "src", "{15F298D4-4066-4FF0-8269-81813A4A0BFB}"
EndProject
Project("{2150E333-8FDC-42A3-9474-1A3956D46DE8}") = "Solution Items", "Solution Items", "{65E6608E-FD51-4D05-9E6E-303E20158FC4}"
	ProjectSection(SolutionItems) = preProject
		.gitignore = .gitignore
		LICENSE = LICENSE
		README.md = README.md
	EndProjectSection
EndProject
Project("{8BB2217D-0F2D-49D1-97BC-3654ED321F3B}") = "MechHisui", "src\MechHisui\MechHisui.xproj", "{608E597B-8AD9-4CFB-8300-F3BCFCA16853}"
EndProject
Project("{8BB2217D-0F2D-49D1-97BC-3654ED321F3B}") = "MechHisui.FateGOLib", "src\MechHisui.FateGOLib\MechHisui.FateGOLib.xproj", "{24297E0A-6061-4AB1-81B3-A34A06556DC2}"
EndProject
Project("{8BB2217D-0F2D-49D1-97BC-3654ED321F3B}") = "MechHisui.TriviaService", "src\MechHisui.TriviaServiceLib\MechHisui.TriviaService.xproj", "{4A58457F-D45B-4569-BBC7-91C0EE17771E}"
EndProject
Project("{8BB2217D-0F2D-49D1-97BC-3654ED321F3B}") = "GudakoBot", "src\GudakoBot\GudakoBot.xproj", "{5453B1D5-07FF-4162-ADD1-3947EB144872}"
EndProject
Project("{8BB2217D-0F2D-49D1-97BC-3654ED321F3B}") = "MechHisui.HisuiBets", "src\MechHisui.HisuiBets\MechHisui.HisuiBets.xproj", "{40CC9313-FDE0-4348-9F7B-2723C7A8E8B9}"
EndProject
Project("{8BB2217D-0F2D-49D1-97BC-3654ED321F3B}") = "MechHisui.SecretHitler", "src\MechHisui.SecretHitler\MechHisui.SecretHitler.xproj", "{DB3E98B9-95B7-4A33-96B4-B63B79479429}"
EndProject
Project("{8BB2217D-0F2D-49D1-97BC-3654ED321F3B}") = "MechHisui.Core.Models", "src\MechHisui.Core.Models\MechHisui.Core.Models.xproj", "{9BC8FE4A-DFC2-48C6-B118-8E5BAE861EBC}"
EndProject
Project("{8BB2217D-0F2D-49D1-97BC-3654ED321F3B}") = "MechHisui.Core.Modules", "src\MechHisui.Core.Modules\MechHisui.Core.Modules.xproj", "{0705F3CC-745D-4850-814B-463C23F08009}"
EndProject
Project("{8BB2217D-0F2D-49D1-97BC-3654ED321F3B}") = "MechHisui.Superfight", "src\MechHisui.Superfight\MechHisui.Superfight.xproj", "{7FB3D951-2192-47C8-9453-8892A876C13F}"
EndProject
Project("{FAE04EC0-301F-11D3-BF4B-00C04F79EFBC}") = "MechHisui.SecretHitler", "MechHisui.SecretHitler\MechHisui.SecretHitler.csproj", "{40A0136D-4A46-4E0B-879B-EBA01F787EBA}"
EndProject
Project("{FAE04EC0-301F-11D3-BF4B-00C04F79EFBC}") = "MechHisui.Superfight", "MechHisui.Superfight\MechHisui.Superfight.csproj", "{F2B526A9-416D-4927-8B4A-446F35F91452}"
EndProject
Project("{FAE04EC0-301F-11D3-BF4B-00C04F79EFBC}") = "MechHisui.HisuiBets", "MechHisui.HisuiBets\MechHisui.HisuiBets.csproj", "{E888C324-6632-4C70-89B9-382607AC78AA}"
EndProject
Project("{FAE04EC0-301F-11D3-BF4B-00C04F79EFBC}") = "MechHisui.FateGOLib", "MechHisui.FateGOLib\MechHisui.FateGOLib.csproj", "{A75F75F6-C117-422D-B47F-960E930E917F}"
EndProject
Project("{FAE04EC0-301F-11D3-BF4B-00C04F79EFBC}") = "MechHisui", "MechHisui\MechHisui.csproj", "{B20E43BB-D248-4DDD-9CF5-69B1EB142BE8}"
	ProjectSection(ProjectDependencies) = postProject
		{E888C324-6632-4C70-89B9-382607AC78AA} = {E888C324-6632-4C70-89B9-382607AC78AA}
		{40A0136D-4A46-4E0B-879B-EBA01F787EBA} = {40A0136D-4A46-4E0B-879B-EBA01F787EBA}
		{F2B526A9-416D-4927-8B4A-446F35F91452} = {F2B526A9-416D-4927-8B4A-446F35F91452}
		{A75F75F6-C117-422D-B47F-960E930E917F} = {A75F75F6-C117-422D-B47F-960E930E917F}
	EndProjectSection
EndProject
Project("{FAE04EC0-301F-11D3-BF4B-00C04F79EFBC}") = "GudakoBot", "GudakoBot\GudakoBot.csproj", "{AEBEB965-8ED9-4975-97C7-6A7AFF962C8B}"
EndProject
Project("{FAE04EC0-301F-11D3-BF4B-00C04F79EFBC}") = "Kohaku", "Kohaku\Kohaku.csproj", "{31AB83C7-A136-4DB5-8053-F1DCDFC07B94}"
EndProject
Global
	GlobalSection(SolutionConfigurationPlatforms) = preSolution
		Debug|Any CPU = Debug|Any CPU
		Debug|x64 = Debug|x64
		Debug|x86 = Debug|x86
		FullDebug|Any CPU = FullDebug|Any CPU
		FullDebug|x64 = FullDebug|x64
		FullDebug|x86 = FullDebug|x86
		Release|Any CPU = Release|Any CPU
		Release|x64 = Release|x64
		Release|x86 = Release|x86
		TestResponses|Any CPU = TestResponses|Any CPU
		TestResponses|x64 = TestResponses|x64
		TestResponses|x86 = TestResponses|x86
	EndGlobalSection
	GlobalSection(ProjectConfigurationPlatforms) = postSolution
		{608E597B-8AD9-4CFB-8300-F3BCFCA16853}.Debug|Any CPU.ActiveCfg = Debug|Any CPU
		{608E597B-8AD9-4CFB-8300-F3BCFCA16853}.Debug|Any CPU.Build.0 = Debug|Any CPU
		{608E597B-8AD9-4CFB-8300-F3BCFCA16853}.Debug|x64.ActiveCfg = Debug|Any CPU
		{608E597B-8AD9-4CFB-8300-F3BCFCA16853}.Debug|x86.ActiveCfg = Debug|Any CPU
		{608E597B-8AD9-4CFB-8300-F3BCFCA16853}.FullDebug|Any CPU.ActiveCfg = Debug|Any CPU
		{608E597B-8AD9-4CFB-8300-F3BCFCA16853}.FullDebug|Any CPU.Build.0 = Debug|Any CPU
		{608E597B-8AD9-4CFB-8300-F3BCFCA16853}.FullDebug|x64.ActiveCfg = Debug|Any CPU
		{608E597B-8AD9-4CFB-8300-F3BCFCA16853}.FullDebug|x86.ActiveCfg = Debug|Any CPU
		{608E597B-8AD9-4CFB-8300-F3BCFCA16853}.Release|Any CPU.ActiveCfg = Release|Any CPU
		{608E597B-8AD9-4CFB-8300-F3BCFCA16853}.Release|Any CPU.Build.0 = Release|Any CPU
		{608E597B-8AD9-4CFB-8300-F3BCFCA16853}.Release|x64.ActiveCfg = Release|Any CPU
		{608E597B-8AD9-4CFB-8300-F3BCFCA16853}.Release|x86.ActiveCfg = Release|Any CPU
		{608E597B-8AD9-4CFB-8300-F3BCFCA16853}.TestResponses|Any CPU.ActiveCfg = Release|Any CPU
		{608E597B-8AD9-4CFB-8300-F3BCFCA16853}.TestResponses|Any CPU.Build.0 = Release|Any CPU
		{608E597B-8AD9-4CFB-8300-F3BCFCA16853}.TestResponses|x64.ActiveCfg = Release|Any CPU
		{608E597B-8AD9-4CFB-8300-F3BCFCA16853}.TestResponses|x86.ActiveCfg = Release|Any CPU
		{24297E0A-6061-4AB1-81B3-A34A06556DC2}.Debug|Any CPU.ActiveCfg = Debug|Any CPU
		{24297E0A-6061-4AB1-81B3-A34A06556DC2}.Debug|Any CPU.Build.0 = Debug|Any CPU
		{24297E0A-6061-4AB1-81B3-A34A06556DC2}.Debug|x64.ActiveCfg = Debug|Any CPU
		{24297E0A-6061-4AB1-81B3-A34A06556DC2}.Debug|x86.ActiveCfg = Debug|Any CPU
		{24297E0A-6061-4AB1-81B3-A34A06556DC2}.FullDebug|Any CPU.ActiveCfg = Debug|Any CPU
		{24297E0A-6061-4AB1-81B3-A34A06556DC2}.FullDebug|Any CPU.Build.0 = Debug|Any CPU
		{24297E0A-6061-4AB1-81B3-A34A06556DC2}.FullDebug|x64.ActiveCfg = Debug|Any CPU
		{24297E0A-6061-4AB1-81B3-A34A06556DC2}.FullDebug|x86.ActiveCfg = Debug|Any CPU
		{24297E0A-6061-4AB1-81B3-A34A06556DC2}.Release|Any CPU.ActiveCfg = Release|Any CPU
		{24297E0A-6061-4AB1-81B3-A34A06556DC2}.Release|Any CPU.Build.0 = Release|Any CPU
		{24297E0A-6061-4AB1-81B3-A34A06556DC2}.Release|x64.ActiveCfg = Release|Any CPU
		{24297E0A-6061-4AB1-81B3-A34A06556DC2}.Release|x86.ActiveCfg = Release|Any CPU
		{24297E0A-6061-4AB1-81B3-A34A06556DC2}.TestResponses|Any CPU.ActiveCfg = Release|Any CPU
		{24297E0A-6061-4AB1-81B3-A34A06556DC2}.TestResponses|Any CPU.Build.0 = Release|Any CPU
		{24297E0A-6061-4AB1-81B3-A34A06556DC2}.TestResponses|x64.ActiveCfg = Release|Any CPU
		{24297E0A-6061-4AB1-81B3-A34A06556DC2}.TestResponses|x86.ActiveCfg = Release|Any CPU
		{4A58457F-D45B-4569-BBC7-91C0EE17771E}.Debug|Any CPU.ActiveCfg = Debug|Any CPU
		{4A58457F-D45B-4569-BBC7-91C0EE17771E}.Debug|Any CPU.Build.0 = Debug|Any CPU
		{4A58457F-D45B-4569-BBC7-91C0EE17771E}.Debug|x64.ActiveCfg = Debug|Any CPU
		{4A58457F-D45B-4569-BBC7-91C0EE17771E}.Debug|x86.ActiveCfg = Debug|Any CPU
		{4A58457F-D45B-4569-BBC7-91C0EE17771E}.FullDebug|Any CPU.ActiveCfg = Debug|Any CPU
		{4A58457F-D45B-4569-BBC7-91C0EE17771E}.FullDebug|Any CPU.Build.0 = Debug|Any CPU
		{4A58457F-D45B-4569-BBC7-91C0EE17771E}.FullDebug|x64.ActiveCfg = Debug|Any CPU
		{4A58457F-D45B-4569-BBC7-91C0EE17771E}.FullDebug|x86.ActiveCfg = Debug|Any CPU
		{4A58457F-D45B-4569-BBC7-91C0EE17771E}.Release|Any CPU.ActiveCfg = Release|Any CPU
		{4A58457F-D45B-4569-BBC7-91C0EE17771E}.Release|Any CPU.Build.0 = Release|Any CPU
		{4A58457F-D45B-4569-BBC7-91C0EE17771E}.Release|x64.ActiveCfg = Release|Any CPU
		{4A58457F-D45B-4569-BBC7-91C0EE17771E}.Release|x86.ActiveCfg = Release|Any CPU
		{4A58457F-D45B-4569-BBC7-91C0EE17771E}.TestResponses|Any CPU.ActiveCfg = Release|Any CPU
		{4A58457F-D45B-4569-BBC7-91C0EE17771E}.TestResponses|Any CPU.Build.0 = Release|Any CPU
		{4A58457F-D45B-4569-BBC7-91C0EE17771E}.TestResponses|x64.ActiveCfg = Release|Any CPU
		{4A58457F-D45B-4569-BBC7-91C0EE17771E}.TestResponses|x86.ActiveCfg = Release|Any CPU
		{5453B1D5-07FF-4162-ADD1-3947EB144872}.Debug|Any CPU.ActiveCfg = Debug|Any CPU
		{5453B1D5-07FF-4162-ADD1-3947EB144872}.Debug|Any CPU.Build.0 = Debug|Any CPU
		{5453B1D5-07FF-4162-ADD1-3947EB144872}.Debug|x64.ActiveCfg = Debug|Any CPU
		{5453B1D5-07FF-4162-ADD1-3947EB144872}.Debug|x86.ActiveCfg = Debug|Any CPU
		{5453B1D5-07FF-4162-ADD1-3947EB144872}.FullDebug|Any CPU.ActiveCfg = Debug|Any CPU
		{5453B1D5-07FF-4162-ADD1-3947EB144872}.FullDebug|Any CPU.Build.0 = Debug|Any CPU
		{5453B1D5-07FF-4162-ADD1-3947EB144872}.FullDebug|x64.ActiveCfg = Debug|Any CPU
		{5453B1D5-07FF-4162-ADD1-3947EB144872}.FullDebug|x86.ActiveCfg = Debug|Any CPU
		{5453B1D5-07FF-4162-ADD1-3947EB144872}.Release|Any CPU.ActiveCfg = Release|Any CPU
		{5453B1D5-07FF-4162-ADD1-3947EB144872}.Release|Any CPU.Build.0 = Release|Any CPU
		{5453B1D5-07FF-4162-ADD1-3947EB144872}.Release|x64.ActiveCfg = Release|Any CPU
		{5453B1D5-07FF-4162-ADD1-3947EB144872}.Release|x86.ActiveCfg = Release|Any CPU
		{5453B1D5-07FF-4162-ADD1-3947EB144872}.TestResponses|Any CPU.ActiveCfg = Debug|Any CPU
		{5453B1D5-07FF-4162-ADD1-3947EB144872}.TestResponses|Any CPU.Build.0 = Debug|Any CPU
		{5453B1D5-07FF-4162-ADD1-3947EB144872}.TestResponses|x64.ActiveCfg = Release|Any CPU
		{5453B1D5-07FF-4162-ADD1-3947EB144872}.TestResponses|x86.ActiveCfg = Release|Any CPU
		{40CC9313-FDE0-4348-9F7B-2723C7A8E8B9}.Debug|Any CPU.ActiveCfg = Debug|Any CPU
		{40CC9313-FDE0-4348-9F7B-2723C7A8E8B9}.Debug|Any CPU.Build.0 = Debug|Any CPU
		{40CC9313-FDE0-4348-9F7B-2723C7A8E8B9}.Debug|x64.ActiveCfg = Debug|Any CPU
		{40CC9313-FDE0-4348-9F7B-2723C7A8E8B9}.Debug|x86.ActiveCfg = Debug|Any CPU
		{40CC9313-FDE0-4348-9F7B-2723C7A8E8B9}.FullDebug|Any CPU.ActiveCfg = Debug|Any CPU
		{40CC9313-FDE0-4348-9F7B-2723C7A8E8B9}.FullDebug|Any CPU.Build.0 = Debug|Any CPU
		{40CC9313-FDE0-4348-9F7B-2723C7A8E8B9}.FullDebug|x64.ActiveCfg = Debug|Any CPU
		{40CC9313-FDE0-4348-9F7B-2723C7A8E8B9}.FullDebug|x86.ActiveCfg = Debug|Any CPU
		{40CC9313-FDE0-4348-9F7B-2723C7A8E8B9}.Release|Any CPU.ActiveCfg = Release|Any CPU
		{40CC9313-FDE0-4348-9F7B-2723C7A8E8B9}.Release|Any CPU.Build.0 = Release|Any CPU
		{40CC9313-FDE0-4348-9F7B-2723C7A8E8B9}.Release|x64.ActiveCfg = Release|Any CPU
		{40CC9313-FDE0-4348-9F7B-2723C7A8E8B9}.Release|x86.ActiveCfg = Release|Any CPU
		{40CC9313-FDE0-4348-9F7B-2723C7A8E8B9}.TestResponses|Any CPU.ActiveCfg = Debug|Any CPU
		{40CC9313-FDE0-4348-9F7B-2723C7A8E8B9}.TestResponses|Any CPU.Build.0 = Debug|Any CPU
		{40CC9313-FDE0-4348-9F7B-2723C7A8E8B9}.TestResponses|x64.ActiveCfg = Release|Any CPU
		{40CC9313-FDE0-4348-9F7B-2723C7A8E8B9}.TestResponses|x86.ActiveCfg = Release|Any CPU
		{DB3E98B9-95B7-4A33-96B4-B63B79479429}.Debug|Any CPU.ActiveCfg = Debug|Any CPU
		{DB3E98B9-95B7-4A33-96B4-B63B79479429}.Debug|Any CPU.Build.0 = Debug|Any CPU
		{DB3E98B9-95B7-4A33-96B4-B63B79479429}.Debug|x64.ActiveCfg = Debug|Any CPU
		{DB3E98B9-95B7-4A33-96B4-B63B79479429}.Debug|x86.ActiveCfg = Debug|Any CPU
		{DB3E98B9-95B7-4A33-96B4-B63B79479429}.FullDebug|Any CPU.ActiveCfg = Debug|Any CPU
		{DB3E98B9-95B7-4A33-96B4-B63B79479429}.FullDebug|Any CPU.Build.0 = Debug|Any CPU
		{DB3E98B9-95B7-4A33-96B4-B63B79479429}.FullDebug|x64.ActiveCfg = Debug|Any CPU
		{DB3E98B9-95B7-4A33-96B4-B63B79479429}.FullDebug|x86.ActiveCfg = Debug|Any CPU
		{DB3E98B9-95B7-4A33-96B4-B63B79479429}.Release|Any CPU.ActiveCfg = Release|Any CPU
		{DB3E98B9-95B7-4A33-96B4-B63B79479429}.Release|Any CPU.Build.0 = Release|Any CPU
		{DB3E98B9-95B7-4A33-96B4-B63B79479429}.Release|x64.ActiveCfg = Release|Any CPU
		{DB3E98B9-95B7-4A33-96B4-B63B79479429}.Release|x86.ActiveCfg = Release|Any CPU
		{DB3E98B9-95B7-4A33-96B4-B63B79479429}.TestResponses|Any CPU.ActiveCfg = Debug|Any CPU
		{DB3E98B9-95B7-4A33-96B4-B63B79479429}.TestResponses|Any CPU.Build.0 = Debug|Any CPU
		{DB3E98B9-95B7-4A33-96B4-B63B79479429}.TestResponses|x64.ActiveCfg = Release|Any CPU
		{DB3E98B9-95B7-4A33-96B4-B63B79479429}.TestResponses|x86.ActiveCfg = Release|Any CPU
		{9BC8FE4A-DFC2-48C6-B118-8E5BAE861EBC}.Debug|Any CPU.ActiveCfg = Debug|Any CPU
		{9BC8FE4A-DFC2-48C6-B118-8E5BAE861EBC}.Debug|Any CPU.Build.0 = Debug|Any CPU
		{9BC8FE4A-DFC2-48C6-B118-8E5BAE861EBC}.Debug|x64.ActiveCfg = Debug|Any CPU
		{9BC8FE4A-DFC2-48C6-B118-8E5BAE861EBC}.Debug|x86.ActiveCfg = Debug|Any CPU
		{9BC8FE4A-DFC2-48C6-B118-8E5BAE861EBC}.FullDebug|Any CPU.ActiveCfg = Debug|Any CPU
		{9BC8FE4A-DFC2-48C6-B118-8E5BAE861EBC}.FullDebug|Any CPU.Build.0 = Debug|Any CPU
		{9BC8FE4A-DFC2-48C6-B118-8E5BAE861EBC}.FullDebug|x64.ActiveCfg = Debug|Any CPU
		{9BC8FE4A-DFC2-48C6-B118-8E5BAE861EBC}.FullDebug|x86.ActiveCfg = Debug|Any CPU
		{9BC8FE4A-DFC2-48C6-B118-8E5BAE861EBC}.Release|Any CPU.ActiveCfg = Release|Any CPU
		{9BC8FE4A-DFC2-48C6-B118-8E5BAE861EBC}.Release|Any CPU.Build.0 = Release|Any CPU
		{9BC8FE4A-DFC2-48C6-B118-8E5BAE861EBC}.Release|x64.ActiveCfg = Release|Any CPU
		{9BC8FE4A-DFC2-48C6-B118-8E5BAE861EBC}.Release|x86.ActiveCfg = Release|Any CPU
		{9BC8FE4A-DFC2-48C6-B118-8E5BAE861EBC}.TestResponses|Any CPU.ActiveCfg = Debug|Any CPU
		{9BC8FE4A-DFC2-48C6-B118-8E5BAE861EBC}.TestResponses|Any CPU.Build.0 = Debug|Any CPU
		{9BC8FE4A-DFC2-48C6-B118-8E5BAE861EBC}.TestResponses|x64.ActiveCfg = Release|Any CPU
		{9BC8FE4A-DFC2-48C6-B118-8E5BAE861EBC}.TestResponses|x86.ActiveCfg = Release|Any CPU
		{0705F3CC-745D-4850-814B-463C23F08009}.Debug|Any CPU.ActiveCfg = Debug|Any CPU
		{0705F3CC-745D-4850-814B-463C23F08009}.Debug|Any CPU.Build.0 = Debug|Any CPU
		{0705F3CC-745D-4850-814B-463C23F08009}.Debug|x64.ActiveCfg = Debug|Any CPU
		{0705F3CC-745D-4850-814B-463C23F08009}.Debug|x86.ActiveCfg = Debug|Any CPU
		{0705F3CC-745D-4850-814B-463C23F08009}.FullDebug|Any CPU.ActiveCfg = Debug|Any CPU
		{0705F3CC-745D-4850-814B-463C23F08009}.FullDebug|Any CPU.Build.0 = Debug|Any CPU
		{0705F3CC-745D-4850-814B-463C23F08009}.FullDebug|x64.ActiveCfg = Debug|Any CPU
		{0705F3CC-745D-4850-814B-463C23F08009}.FullDebug|x86.ActiveCfg = Debug|Any CPU
		{0705F3CC-745D-4850-814B-463C23F08009}.Release|Any CPU.ActiveCfg = Release|Any CPU
		{0705F3CC-745D-4850-814B-463C23F08009}.Release|Any CPU.Build.0 = Release|Any CPU
		{0705F3CC-745D-4850-814B-463C23F08009}.Release|x64.ActiveCfg = Release|Any CPU
		{0705F3CC-745D-4850-814B-463C23F08009}.Release|x86.ActiveCfg = Release|Any CPU
		{0705F3CC-745D-4850-814B-463C23F08009}.TestResponses|Any CPU.ActiveCfg = Debug|Any CPU
		{0705F3CC-745D-4850-814B-463C23F08009}.TestResponses|Any CPU.Build.0 = Debug|Any CPU
		{0705F3CC-745D-4850-814B-463C23F08009}.TestResponses|x64.ActiveCfg = Release|Any CPU
		{0705F3CC-745D-4850-814B-463C23F08009}.TestResponses|x86.ActiveCfg = Release|Any CPU
		{7FB3D951-2192-47C8-9453-8892A876C13F}.Debug|Any CPU.ActiveCfg = Debug|Any CPU
		{7FB3D951-2192-47C8-9453-8892A876C13F}.Debug|Any CPU.Build.0 = Debug|Any CPU
		{7FB3D951-2192-47C8-9453-8892A876C13F}.Debug|x64.ActiveCfg = Debug|Any CPU
		{7FB3D951-2192-47C8-9453-8892A876C13F}.Debug|x86.ActiveCfg = Debug|Any CPU
		{7FB3D951-2192-47C8-9453-8892A876C13F}.FullDebug|Any CPU.ActiveCfg = Debug|Any CPU
		{7FB3D951-2192-47C8-9453-8892A876C13F}.FullDebug|Any CPU.Build.0 = Debug|Any CPU
		{7FB3D951-2192-47C8-9453-8892A876C13F}.FullDebug|x64.ActiveCfg = Debug|Any CPU
		{7FB3D951-2192-47C8-9453-8892A876C13F}.FullDebug|x86.ActiveCfg = Debug|Any CPU
		{7FB3D951-2192-47C8-9453-8892A876C13F}.Release|Any CPU.ActiveCfg = Release|Any CPU
		{7FB3D951-2192-47C8-9453-8892A876C13F}.Release|Any CPU.Build.0 = Release|Any CPU
		{7FB3D951-2192-47C8-9453-8892A876C13F}.Release|x64.ActiveCfg = Release|Any CPU
		{7FB3D951-2192-47C8-9453-8892A876C13F}.Release|x86.ActiveCfg = Release|Any CPU
		{7FB3D951-2192-47C8-9453-8892A876C13F}.TestResponses|Any CPU.ActiveCfg = Debug|Any CPU
		{7FB3D951-2192-47C8-9453-8892A876C13F}.TestResponses|Any CPU.Build.0 = Debug|Any CPU
		{7FB3D951-2192-47C8-9453-8892A876C13F}.TestResponses|x64.ActiveCfg = Release|Any CPU
		{7FB3D951-2192-47C8-9453-8892A876C13F}.TestResponses|x86.ActiveCfg = Release|Any CPU
		{40A0136D-4A46-4E0B-879B-EBA01F787EBA}.Debug|Any CPU.ActiveCfg = Debug|Any CPU
		{40A0136D-4A46-4E0B-879B-EBA01F787EBA}.Debug|Any CPU.Build.0 = Debug|Any CPU
		{40A0136D-4A46-4E0B-879B-EBA01F787EBA}.Debug|x64.ActiveCfg = Debug|x64
		{40A0136D-4A46-4E0B-879B-EBA01F787EBA}.Debug|x64.Build.0 = Debug|x64
		{40A0136D-4A46-4E0B-879B-EBA01F787EBA}.Debug|x86.ActiveCfg = Debug|x86
		{40A0136D-4A46-4E0B-879B-EBA01F787EBA}.Debug|x86.Build.0 = Debug|x86
		{40A0136D-4A46-4E0B-879B-EBA01F787EBA}.FullDebug|Any CPU.ActiveCfg = Debug|Any CPU
		{40A0136D-4A46-4E0B-879B-EBA01F787EBA}.FullDebug|Any CPU.Build.0 = Debug|Any CPU
		{40A0136D-4A46-4E0B-879B-EBA01F787EBA}.FullDebug|x64.ActiveCfg = Debug|x64
		{40A0136D-4A46-4E0B-879B-EBA01F787EBA}.FullDebug|x64.Build.0 = Debug|x64
		{40A0136D-4A46-4E0B-879B-EBA01F787EBA}.FullDebug|x86.ActiveCfg = Debug|x86
		{40A0136D-4A46-4E0B-879B-EBA01F787EBA}.FullDebug|x86.Build.0 = Debug|x86
		{40A0136D-4A46-4E0B-879B-EBA01F787EBA}.Release|Any CPU.ActiveCfg = Release|Any CPU
		{40A0136D-4A46-4E0B-879B-EBA01F787EBA}.Release|Any CPU.Build.0 = Release|Any CPU
		{40A0136D-4A46-4E0B-879B-EBA01F787EBA}.Release|x64.ActiveCfg = Release|x64
		{40A0136D-4A46-4E0B-879B-EBA01F787EBA}.Release|x64.Build.0 = Release|x64
		{40A0136D-4A46-4E0B-879B-EBA01F787EBA}.Release|x86.ActiveCfg = Release|x86
		{40A0136D-4A46-4E0B-879B-EBA01F787EBA}.Release|x86.Build.0 = Release|x86
		{40A0136D-4A46-4E0B-879B-EBA01F787EBA}.TestResponses|Any CPU.ActiveCfg = Debug|Any CPU
		{40A0136D-4A46-4E0B-879B-EBA01F787EBA}.TestResponses|Any CPU.Build.0 = Debug|Any CPU
		{40A0136D-4A46-4E0B-879B-EBA01F787EBA}.TestResponses|x64.ActiveCfg = Release|x64
		{40A0136D-4A46-4E0B-879B-EBA01F787EBA}.TestResponses|x64.Build.0 = Release|x64
		{40A0136D-4A46-4E0B-879B-EBA01F787EBA}.TestResponses|x86.ActiveCfg = Release|x86
		{40A0136D-4A46-4E0B-879B-EBA01F787EBA}.TestResponses|x86.Build.0 = Release|x86
		{F2B526A9-416D-4927-8B4A-446F35F91452}.Debug|Any CPU.ActiveCfg = Debug|Any CPU
		{F2B526A9-416D-4927-8B4A-446F35F91452}.Debug|Any CPU.Build.0 = Debug|Any CPU
		{F2B526A9-416D-4927-8B4A-446F35F91452}.Debug|x64.ActiveCfg = Debug|x64
		{F2B526A9-416D-4927-8B4A-446F35F91452}.Debug|x64.Build.0 = Debug|x64
		{F2B526A9-416D-4927-8B4A-446F35F91452}.Debug|x86.ActiveCfg = Debug|x86
		{F2B526A9-416D-4927-8B4A-446F35F91452}.Debug|x86.Build.0 = Debug|x86
		{F2B526A9-416D-4927-8B4A-446F35F91452}.FullDebug|Any CPU.ActiveCfg = Debug|Any CPU
		{F2B526A9-416D-4927-8B4A-446F35F91452}.FullDebug|Any CPU.Build.0 = Debug|Any CPU
		{F2B526A9-416D-4927-8B4A-446F35F91452}.FullDebug|x64.ActiveCfg = Debug|x64
		{F2B526A9-416D-4927-8B4A-446F35F91452}.FullDebug|x64.Build.0 = Debug|x64
		{F2B526A9-416D-4927-8B4A-446F35F91452}.FullDebug|x86.ActiveCfg = Debug|x86
		{F2B526A9-416D-4927-8B4A-446F35F91452}.FullDebug|x86.Build.0 = Debug|x86
		{F2B526A9-416D-4927-8B4A-446F35F91452}.Release|Any CPU.ActiveCfg = Release|Any CPU
		{F2B526A9-416D-4927-8B4A-446F35F91452}.Release|Any CPU.Build.0 = Release|Any CPU
		{F2B526A9-416D-4927-8B4A-446F35F91452}.Release|x64.ActiveCfg = Release|x64
		{F2B526A9-416D-4927-8B4A-446F35F91452}.Release|x64.Build.0 = Release|x64
		{F2B526A9-416D-4927-8B4A-446F35F91452}.Release|x86.ActiveCfg = Release|x86
		{F2B526A9-416D-4927-8B4A-446F35F91452}.Release|x86.Build.0 = Release|x86
		{F2B526A9-416D-4927-8B4A-446F35F91452}.TestResponses|Any CPU.ActiveCfg = Debug|Any CPU
		{F2B526A9-416D-4927-8B4A-446F35F91452}.TestResponses|Any CPU.Build.0 = Debug|Any CPU
		{F2B526A9-416D-4927-8B4A-446F35F91452}.TestResponses|x64.ActiveCfg = Release|x64
		{F2B526A9-416D-4927-8B4A-446F35F91452}.TestResponses|x64.Build.0 = Release|x64
		{F2B526A9-416D-4927-8B4A-446F35F91452}.TestResponses|x86.ActiveCfg = Release|x86
		{F2B526A9-416D-4927-8B4A-446F35F91452}.TestResponses|x86.Build.0 = Release|x86
		{E888C324-6632-4C70-89B9-382607AC78AA}.Debug|Any CPU.ActiveCfg = Debug|Any CPU
		{E888C324-6632-4C70-89B9-382607AC78AA}.Debug|Any CPU.Build.0 = Debug|Any CPU
		{E888C324-6632-4C70-89B9-382607AC78AA}.Debug|x64.ActiveCfg = Debug|x64
		{E888C324-6632-4C70-89B9-382607AC78AA}.Debug|x64.Build.0 = Debug|x64
		{E888C324-6632-4C70-89B9-382607AC78AA}.Debug|x86.ActiveCfg = Debug|x86
		{E888C324-6632-4C70-89B9-382607AC78AA}.Debug|x86.Build.0 = Debug|x86
		{E888C324-6632-4C70-89B9-382607AC78AA}.FullDebug|Any CPU.ActiveCfg = Debug|Any CPU
		{E888C324-6632-4C70-89B9-382607AC78AA}.FullDebug|Any CPU.Build.0 = Debug|Any CPU
		{E888C324-6632-4C70-89B9-382607AC78AA}.FullDebug|x64.ActiveCfg = Debug|x64
		{E888C324-6632-4C70-89B9-382607AC78AA}.FullDebug|x64.Build.0 = Debug|x64
		{E888C324-6632-4C70-89B9-382607AC78AA}.FullDebug|x86.ActiveCfg = Debug|x86
		{E888C324-6632-4C70-89B9-382607AC78AA}.FullDebug|x86.Build.0 = Debug|x86
		{E888C324-6632-4C70-89B9-382607AC78AA}.Release|Any CPU.ActiveCfg = Release|Any CPU
		{E888C324-6632-4C70-89B9-382607AC78AA}.Release|Any CPU.Build.0 = Release|Any CPU
		{E888C324-6632-4C70-89B9-382607AC78AA}.Release|x64.ActiveCfg = Release|x64
		{E888C324-6632-4C70-89B9-382607AC78AA}.Release|x64.Build.0 = Release|x64
		{E888C324-6632-4C70-89B9-382607AC78AA}.Release|x86.ActiveCfg = Release|x86
		{E888C324-6632-4C70-89B9-382607AC78AA}.Release|x86.Build.0 = Release|x86
		{E888C324-6632-4C70-89B9-382607AC78AA}.TestResponses|Any CPU.ActiveCfg = Debug|Any CPU
		{E888C324-6632-4C70-89B9-382607AC78AA}.TestResponses|Any CPU.Build.0 = Debug|Any CPU
		{E888C324-6632-4C70-89B9-382607AC78AA}.TestResponses|x64.ActiveCfg = Release|x64
		{E888C324-6632-4C70-89B9-382607AC78AA}.TestResponses|x64.Build.0 = Release|x64
		{E888C324-6632-4C70-89B9-382607AC78AA}.TestResponses|x86.ActiveCfg = Release|x86
		{E888C324-6632-4C70-89B9-382607AC78AA}.TestResponses|x86.Build.0 = Release|x86
		{A75F75F6-C117-422D-B47F-960E930E917F}.Debug|Any CPU.ActiveCfg = Debug|Any CPU
		{A75F75F6-C117-422D-B47F-960E930E917F}.Debug|Any CPU.Build.0 = Debug|Any CPU
		{A75F75F6-C117-422D-B47F-960E930E917F}.Debug|x64.ActiveCfg = Debug|x64
		{A75F75F6-C117-422D-B47F-960E930E917F}.Debug|x64.Build.0 = Debug|x64
		{A75F75F6-C117-422D-B47F-960E930E917F}.Debug|x86.ActiveCfg = Debug|x86
		{A75F75F6-C117-422D-B47F-960E930E917F}.Debug|x86.Build.0 = Debug|x86
		{A75F75F6-C117-422D-B47F-960E930E917F}.FullDebug|Any CPU.ActiveCfg = Debug|Any CPU
		{A75F75F6-C117-422D-B47F-960E930E917F}.FullDebug|Any CPU.Build.0 = Debug|Any CPU
		{A75F75F6-C117-422D-B47F-960E930E917F}.FullDebug|x64.ActiveCfg = Debug|x64
		{A75F75F6-C117-422D-B47F-960E930E917F}.FullDebug|x64.Build.0 = Debug|x64
		{A75F75F6-C117-422D-B47F-960E930E917F}.FullDebug|x86.ActiveCfg = Debug|x86
		{A75F75F6-C117-422D-B47F-960E930E917F}.FullDebug|x86.Build.0 = Debug|x86
		{A75F75F6-C117-422D-B47F-960E930E917F}.Release|Any CPU.ActiveCfg = Release|Any CPU
		{A75F75F6-C117-422D-B47F-960E930E917F}.Release|Any CPU.Build.0 = Release|Any CPU
		{A75F75F6-C117-422D-B47F-960E930E917F}.Release|x64.ActiveCfg = Release|x64
		{A75F75F6-C117-422D-B47F-960E930E917F}.Release|x64.Build.0 = Release|x64
		{A75F75F6-C117-422D-B47F-960E930E917F}.Release|x86.ActiveCfg = Release|x86
		{A75F75F6-C117-422D-B47F-960E930E917F}.Release|x86.Build.0 = Release|x86
		{A75F75F6-C117-422D-B47F-960E930E917F}.TestResponses|Any CPU.ActiveCfg = Debug|Any CPU
		{A75F75F6-C117-422D-B47F-960E930E917F}.TestResponses|Any CPU.Build.0 = Debug|Any CPU
		{A75F75F6-C117-422D-B47F-960E930E917F}.TestResponses|x64.ActiveCfg = Release|x64
		{A75F75F6-C117-422D-B47F-960E930E917F}.TestResponses|x64.Build.0 = Release|x64
		{A75F75F6-C117-422D-B47F-960E930E917F}.TestResponses|x86.ActiveCfg = Release|x86
		{A75F75F6-C117-422D-B47F-960E930E917F}.TestResponses|x86.Build.0 = Release|x86
		{B20E43BB-D248-4DDD-9CF5-69B1EB142BE8}.Debug|Any CPU.ActiveCfg = Debug|Any CPU
		{B20E43BB-D248-4DDD-9CF5-69B1EB142BE8}.Debug|Any CPU.Build.0 = Debug|Any CPU
		{B20E43BB-D248-4DDD-9CF5-69B1EB142BE8}.Debug|x64.ActiveCfg = Debug|x64
		{B20E43BB-D248-4DDD-9CF5-69B1EB142BE8}.Debug|x64.Build.0 = Debug|x64
		{B20E43BB-D248-4DDD-9CF5-69B1EB142BE8}.Debug|x86.ActiveCfg = Debug|x86
		{B20E43BB-D248-4DDD-9CF5-69B1EB142BE8}.Debug|x86.Build.0 = Debug|x86
		{B20E43BB-D248-4DDD-9CF5-69B1EB142BE8}.FullDebug|Any CPU.ActiveCfg = Debug|Any CPU
		{B20E43BB-D248-4DDD-9CF5-69B1EB142BE8}.FullDebug|Any CPU.Build.0 = Debug|Any CPU
		{B20E43BB-D248-4DDD-9CF5-69B1EB142BE8}.FullDebug|x64.ActiveCfg = Debug|x64
		{B20E43BB-D248-4DDD-9CF5-69B1EB142BE8}.FullDebug|x64.Build.0 = Debug|x64
		{B20E43BB-D248-4DDD-9CF5-69B1EB142BE8}.FullDebug|x86.ActiveCfg = Debug|x86
		{B20E43BB-D248-4DDD-9CF5-69B1EB142BE8}.FullDebug|x86.Build.0 = Debug|x86
		{B20E43BB-D248-4DDD-9CF5-69B1EB142BE8}.Release|Any CPU.ActiveCfg = Release|Any CPU
		{B20E43BB-D248-4DDD-9CF5-69B1EB142BE8}.Release|Any CPU.Build.0 = Release|Any CPU
		{B20E43BB-D248-4DDD-9CF5-69B1EB142BE8}.Release|x64.ActiveCfg = Release|x64
		{B20E43BB-D248-4DDD-9CF5-69B1EB142BE8}.Release|x64.Build.0 = Release|x64
		{B20E43BB-D248-4DDD-9CF5-69B1EB142BE8}.Release|x86.ActiveCfg = Release|x86
		{B20E43BB-D248-4DDD-9CF5-69B1EB142BE8}.Release|x86.Build.0 = Release|x86
		{B20E43BB-D248-4DDD-9CF5-69B1EB142BE8}.TestResponses|Any CPU.ActiveCfg = Debug|Any CPU
		{B20E43BB-D248-4DDD-9CF5-69B1EB142BE8}.TestResponses|Any CPU.Build.0 = Debug|Any CPU
		{B20E43BB-D248-4DDD-9CF5-69B1EB142BE8}.TestResponses|x64.ActiveCfg = Release|x64
		{B20E43BB-D248-4DDD-9CF5-69B1EB142BE8}.TestResponses|x64.Build.0 = Release|x64
		{B20E43BB-D248-4DDD-9CF5-69B1EB142BE8}.TestResponses|x86.ActiveCfg = Release|x86
		{B20E43BB-D248-4DDD-9CF5-69B1EB142BE8}.TestResponses|x86.Build.0 = Release|x86
		{AEBEB965-8ED9-4975-97C7-6A7AFF962C8B}.Debug|Any CPU.ActiveCfg = Debug|Any CPU
		{AEBEB965-8ED9-4975-97C7-6A7AFF962C8B}.Debug|Any CPU.Build.0 = Debug|Any CPU
		{AEBEB965-8ED9-4975-97C7-6A7AFF962C8B}.Debug|x64.ActiveCfg = Debug|x64
		{AEBEB965-8ED9-4975-97C7-6A7AFF962C8B}.Debug|x64.Build.0 = Debug|x64
		{AEBEB965-8ED9-4975-97C7-6A7AFF962C8B}.Debug|x86.ActiveCfg = Debug|x86
		{AEBEB965-8ED9-4975-97C7-6A7AFF962C8B}.Debug|x86.Build.0 = Debug|x86
		{AEBEB965-8ED9-4975-97C7-6A7AFF962C8B}.FullDebug|Any CPU.ActiveCfg = Debug|Any CPU
		{AEBEB965-8ED9-4975-97C7-6A7AFF962C8B}.FullDebug|Any CPU.Build.0 = Debug|Any CPU
		{AEBEB965-8ED9-4975-97C7-6A7AFF962C8B}.FullDebug|x64.ActiveCfg = Debug|x64
		{AEBEB965-8ED9-4975-97C7-6A7AFF962C8B}.FullDebug|x64.Build.0 = Debug|x64
		{AEBEB965-8ED9-4975-97C7-6A7AFF962C8B}.FullDebug|x86.ActiveCfg = Debug|x86
		{AEBEB965-8ED9-4975-97C7-6A7AFF962C8B}.FullDebug|x86.Build.0 = Debug|x86
		{AEBEB965-8ED9-4975-97C7-6A7AFF962C8B}.Release|Any CPU.ActiveCfg = Release|Any CPU
		{AEBEB965-8ED9-4975-97C7-6A7AFF962C8B}.Release|Any CPU.Build.0 = Release|Any CPU
		{AEBEB965-8ED9-4975-97C7-6A7AFF962C8B}.Release|x64.ActiveCfg = Release|x64
		{AEBEB965-8ED9-4975-97C7-6A7AFF962C8B}.Release|x64.Build.0 = Release|x64
		{AEBEB965-8ED9-4975-97C7-6A7AFF962C8B}.Release|x86.ActiveCfg = Release|x86
		{AEBEB965-8ED9-4975-97C7-6A7AFF962C8B}.Release|x86.Build.0 = Release|x86
		{AEBEB965-8ED9-4975-97C7-6A7AFF962C8B}.TestResponses|Any CPU.ActiveCfg = Debug|Any CPU
		{AEBEB965-8ED9-4975-97C7-6A7AFF962C8B}.TestResponses|Any CPU.Build.0 = Debug|Any CPU
		{AEBEB965-8ED9-4975-97C7-6A7AFF962C8B}.TestResponses|x64.ActiveCfg = Release|x64
		{AEBEB965-8ED9-4975-97C7-6A7AFF962C8B}.TestResponses|x64.Build.0 = Release|x64
		{AEBEB965-8ED9-4975-97C7-6A7AFF962C8B}.TestResponses|x86.ActiveCfg = Release|x86
		{AEBEB965-8ED9-4975-97C7-6A7AFF962C8B}.TestResponses|x86.Build.0 = Release|x86
		{31AB83C7-A136-4DB5-8053-F1DCDFC07B94}.Debug|Any CPU.ActiveCfg = Debug|Any CPU
		{31AB83C7-A136-4DB5-8053-F1DCDFC07B94}.Debug|Any CPU.Build.0 = Debug|Any CPU
		{31AB83C7-A136-4DB5-8053-F1DCDFC07B94}.Debug|x64.ActiveCfg = Debug|x64
		{31AB83C7-A136-4DB5-8053-F1DCDFC07B94}.Debug|x64.Build.0 = Debug|x64
		{31AB83C7-A136-4DB5-8053-F1DCDFC07B94}.Debug|x86.ActiveCfg = Debug|x86
		{31AB83C7-A136-4DB5-8053-F1DCDFC07B94}.Debug|x86.Build.0 = Debug|x86
		{31AB83C7-A136-4DB5-8053-F1DCDFC07B94}.FullDebug|Any CPU.ActiveCfg = Debug|Any CPU
		{31AB83C7-A136-4DB5-8053-F1DCDFC07B94}.FullDebug|Any CPU.Build.0 = Debug|Any CPU
		{31AB83C7-A136-4DB5-8053-F1DCDFC07B94}.FullDebug|x64.ActiveCfg = Debug|x64
		{31AB83C7-A136-4DB5-8053-F1DCDFC07B94}.FullDebug|x64.Build.0 = Debug|x64
		{31AB83C7-A136-4DB5-8053-F1DCDFC07B94}.FullDebug|x86.ActiveCfg = Debug|x86
		{31AB83C7-A136-4DB5-8053-F1DCDFC07B94}.FullDebug|x86.Build.0 = Debug|x86
		{31AB83C7-A136-4DB5-8053-F1DCDFC07B94}.Release|Any CPU.ActiveCfg = Release|Any CPU
		{31AB83C7-A136-4DB5-8053-F1DCDFC07B94}.Release|Any CPU.Build.0 = Release|Any CPU
		{31AB83C7-A136-4DB5-8053-F1DCDFC07B94}.Release|x64.ActiveCfg = Release|x64
		{31AB83C7-A136-4DB5-8053-F1DCDFC07B94}.Release|x64.Build.0 = Release|x64
		{31AB83C7-A136-4DB5-8053-F1DCDFC07B94}.Release|x86.ActiveCfg = Release|x86
		{31AB83C7-A136-4DB5-8053-F1DCDFC07B94}.Release|x86.Build.0 = Release|x86
		{31AB83C7-A136-4DB5-8053-F1DCDFC07B94}.TestResponses|Any CPU.ActiveCfg = Debug|Any CPU
		{31AB83C7-A136-4DB5-8053-F1DCDFC07B94}.TestResponses|Any CPU.Build.0 = Debug|Any CPU
		{31AB83C7-A136-4DB5-8053-F1DCDFC07B94}.TestResponses|x64.ActiveCfg = Release|x64
		{31AB83C7-A136-4DB5-8053-F1DCDFC07B94}.TestResponses|x64.Build.0 = Release|x64
		{31AB83C7-A136-4DB5-8053-F1DCDFC07B94}.TestResponses|x86.ActiveCfg = Release|x86
		{31AB83C7-A136-4DB5-8053-F1DCDFC07B94}.TestResponses|x86.Build.0 = Release|x86
	EndGlobalSection
	GlobalSection(SolutionProperties) = preSolution
		HideSolutionNode = FALSE
	EndGlobalSection
	GlobalSection(NestedProjects) = preSolution
		{608E597B-8AD9-4CFB-8300-F3BCFCA16853} = {15F298D4-4066-4FF0-8269-81813A4A0BFB}
		{24297E0A-6061-4AB1-81B3-A34A06556DC2} = {15F298D4-4066-4FF0-8269-81813A4A0BFB}
		{4A58457F-D45B-4569-BBC7-91C0EE17771E} = {15F298D4-4066-4FF0-8269-81813A4A0BFB}
		{5453B1D5-07FF-4162-ADD1-3947EB144872} = {15F298D4-4066-4FF0-8269-81813A4A0BFB}
		{40CC9313-FDE0-4348-9F7B-2723C7A8E8B9} = {15F298D4-4066-4FF0-8269-81813A4A0BFB}
		{DB3E98B9-95B7-4A33-96B4-B63B79479429} = {15F298D4-4066-4FF0-8269-81813A4A0BFB}
		{9BC8FE4A-DFC2-48C6-B118-8E5BAE861EBC} = {15F298D4-4066-4FF0-8269-81813A4A0BFB}
		{0705F3CC-745D-4850-814B-463C23F08009} = {15F298D4-4066-4FF0-8269-81813A4A0BFB}
		{7FB3D951-2192-47C8-9453-8892A876C13F} = {15F298D4-4066-4FF0-8269-81813A4A0BFB}
	EndGlobalSection
EndGlobal
