
Microsoft Visual Studio Solution File, Format Version 12.00
# Visual Studio 15
VisualStudioVersion = 15.0.26430.12
MinimumVisualStudioVersion = 10.0.40219.1
Project("{2150E333-8FDC-42A3-9474-1A3956D46DE8}") = "src", "src", "{15F298D4-4066-4FF0-8269-81813A4A0BFB}"
EndProject
Project("{2150E333-8FDC-42A3-9474-1A3956D46DE8}") = "Solution Items", "Solution Items", "{65E6608E-FD51-4D05-9E6E-303E20158FC4}"
	ProjectSection(SolutionItems) = preProject
		.gitignore = .gitignore
		LICENSE = LICENSE
		README.md = README.md
	EndProjectSection
EndProject
Project("{D954291E-2A0B-460D-934E-DC6B0785DB48}") = "SharedExtensions", "src\SharedExtensions\SharedExtensions.shproj", "{11E7BD48-424C-431A-B93B-0985CFFBB6B0}"
EndProject
Project("{9A19103F-16F7-4668-BE54-9A1E7A4F7556}") = "MechHisui.Superfight", "src\MechHisui.Superfight\MechHisui.Superfight.csproj", "{BC8BAFB9-6C0E-41CF-84AC-F2C28E03BB6E}"
EndProject
Project("{9A19103F-16F7-4668-BE54-9A1E7A4F7556}") = "MechHisui.SecretHitler", "src\MechHisui.SecretHitler\MechHisui.SecretHitler.csproj", "{6F69D211-4111-4760-9DE9-182B4272D809}"
EndProject
Project("{9A19103F-16F7-4668-BE54-9A1E7A4F7556}") = "MechHisui.HisuiBets", "src\MechHisui.HisuiBets\MechHisui.HisuiBets.csproj", "{1C90640C-8537-460A-9274-5D46C99E9B79}"
EndProject
Project("{9A19103F-16F7-4668-BE54-9A1E7A4F7556}") = "MechHisui.FateGOLib", "src\MechHisui.FateGOLib\MechHisui.FateGOLib.csproj", "{8FBF4529-5C60-4D6B-8E9E-ACB719ADD559}"
EndProject
Project("{9A19103F-16F7-4668-BE54-9A1E7A4F7556}") = "DivaBot", "src\DivaBot\DivaBot.csproj", "{2F957396-F3E2-4C29-A78F-7828F05EDB04}"
EndProject
Project("{9A19103F-16F7-4668-BE54-9A1E7A4F7556}") = "GudakoBot", "src\GudakoBot\GudakoBot.csproj", "{410AE7D4-D8A9-484D-B17D-3A0159F3918B}"
EndProject
Project("{9A19103F-16F7-4668-BE54-9A1E7A4F7556}") = "Kohaku", "src\Kohaku\Kohaku.csproj", "{D4FB70C0-5AC0-4B56-B821-7EA645B082D1}"
EndProject
Project("{9A19103F-16F7-4668-BE54-9A1E7A4F7556}") = "MechHisui", "src\MechHisui\MechHisui.csproj", "{755DDF9B-DFDC-4706-BBCE-B69445D5DB88}"
EndProject
Project("{9A19103F-16F7-4668-BE54-9A1E7A4F7556}") = "Discord.Addons.SimpleAudio", "..\Discord.Addons\src\Discord.Addons.SimpleAudio\Discord.Addons.SimpleAudio.csproj", "{2766B681-1384-4BED-B5B5-976D5E972743}"
EndProject
Project("{9A19103F-16F7-4668-BE54-9A1E7A4F7556}") = "Discord.Addons.SimplePermissions.EFProvider", "..\Discord.Addons\src\Discord.Addons.SimplePermissions.EFProvider\Discord.Addons.SimplePermissions.EFProvider.csproj", "{6DBE9C41-4EA9-4F88-B29A-2E3C232E14A0}"
EndProject
Project("{9A19103F-16F7-4668-BE54-9A1E7A4F7556}") = "Discord.Addons.SimplePermissions", "..\Discord.Addons\src\Discord.Addons.SimplePermissions\Discord.Addons.SimplePermissions.csproj", "{9CFEA331-1EB5-45F7-96F7-41801AB1652F}"
EndProject
Project("{9A19103F-16F7-4668-BE54-9A1E7A4F7556}") = "MechHisui.SymphoXDULib", "src\MechHisui.SymphoXDULib\MechHisui.SymphoXDULib.csproj", "{111022A8-0D04-4DF3-A62E-465ED68B24FF}"
EndProject
Project("{9A19103F-16F7-4668-BE54-9A1E7A4F7556}") = "Discord.Addons.SimplePermissions.JsonProvider", "..\Discord.Addons\src\Discord.Addons.SimplePermissions.JsonProvider\Discord.Addons.SimplePermissions.JsonProvider.csproj", "{2DC46035-03E5-4043-A7A6-CF76B6B76963}"
EndProject
Global
	GlobalSection(SharedMSBuildProjectFiles) = preSolution
		src\SharedExtensions\SharedExtensions.projitems*{11e7bd48-424c-431a-b93b-0985cffbb6b0}*SharedItemsImports = 13
	EndGlobalSection
	GlobalSection(SolutionConfigurationPlatforms) = preSolution
		Debug|Any CPU = Debug|Any CPU
		Debug|x64 = Debug|x64
		Debug|x86 = Debug|x86
		Release|Any CPU = Release|Any CPU
		Release|x64 = Release|x64
		Release|x86 = Release|x86
	EndGlobalSection
	GlobalSection(ProjectConfigurationPlatforms) = postSolution
		{BC8BAFB9-6C0E-41CF-84AC-F2C28E03BB6E}.Debug|Any CPU.ActiveCfg = Debug|Any CPU
		{BC8BAFB9-6C0E-41CF-84AC-F2C28E03BB6E}.Debug|Any CPU.Build.0 = Debug|Any CPU
		{BC8BAFB9-6C0E-41CF-84AC-F2C28E03BB6E}.Debug|x64.ActiveCfg = Debug|Any CPU
		{BC8BAFB9-6C0E-41CF-84AC-F2C28E03BB6E}.Debug|x64.Build.0 = Debug|Any CPU
		{BC8BAFB9-6C0E-41CF-84AC-F2C28E03BB6E}.Debug|x86.ActiveCfg = Debug|Any CPU
		{BC8BAFB9-6C0E-41CF-84AC-F2C28E03BB6E}.Debug|x86.Build.0 = Debug|Any CPU
		{BC8BAFB9-6C0E-41CF-84AC-F2C28E03BB6E}.Release|Any CPU.ActiveCfg = Release|Any CPU
		{BC8BAFB9-6C0E-41CF-84AC-F2C28E03BB6E}.Release|Any CPU.Build.0 = Release|Any CPU
		{BC8BAFB9-6C0E-41CF-84AC-F2C28E03BB6E}.Release|x64.ActiveCfg = Release|Any CPU
		{BC8BAFB9-6C0E-41CF-84AC-F2C28E03BB6E}.Release|x64.Build.0 = Release|Any CPU
		{BC8BAFB9-6C0E-41CF-84AC-F2C28E03BB6E}.Release|x86.ActiveCfg = Release|Any CPU
		{BC8BAFB9-6C0E-41CF-84AC-F2C28E03BB6E}.Release|x86.Build.0 = Release|Any CPU
		{6F69D211-4111-4760-9DE9-182B4272D809}.Debug|Any CPU.ActiveCfg = Debug|Any CPU
		{6F69D211-4111-4760-9DE9-182B4272D809}.Debug|Any CPU.Build.0 = Debug|Any CPU
		{6F69D211-4111-4760-9DE9-182B4272D809}.Debug|x64.ActiveCfg = Debug|Any CPU
		{6F69D211-4111-4760-9DE9-182B4272D809}.Debug|x64.Build.0 = Debug|Any CPU
		{6F69D211-4111-4760-9DE9-182B4272D809}.Debug|x86.ActiveCfg = Debug|Any CPU
		{6F69D211-4111-4760-9DE9-182B4272D809}.Debug|x86.Build.0 = Debug|Any CPU
		{6F69D211-4111-4760-9DE9-182B4272D809}.Release|Any CPU.ActiveCfg = Release|Any CPU
		{6F69D211-4111-4760-9DE9-182B4272D809}.Release|Any CPU.Build.0 = Release|Any CPU
		{6F69D211-4111-4760-9DE9-182B4272D809}.Release|x64.ActiveCfg = Release|Any CPU
		{6F69D211-4111-4760-9DE9-182B4272D809}.Release|x64.Build.0 = Release|Any CPU
		{6F69D211-4111-4760-9DE9-182B4272D809}.Release|x86.ActiveCfg = Release|Any CPU
		{6F69D211-4111-4760-9DE9-182B4272D809}.Release|x86.Build.0 = Release|Any CPU
		{1C90640C-8537-460A-9274-5D46C99E9B79}.Debug|Any CPU.ActiveCfg = Debug|Any CPU
		{1C90640C-8537-460A-9274-5D46C99E9B79}.Debug|Any CPU.Build.0 = Debug|Any CPU
		{1C90640C-8537-460A-9274-5D46C99E9B79}.Debug|x64.ActiveCfg = Debug|Any CPU
		{1C90640C-8537-460A-9274-5D46C99E9B79}.Debug|x64.Build.0 = Debug|Any CPU
		{1C90640C-8537-460A-9274-5D46C99E9B79}.Debug|x86.ActiveCfg = Debug|Any CPU
		{1C90640C-8537-460A-9274-5D46C99E9B79}.Debug|x86.Build.0 = Debug|Any CPU
		{1C90640C-8537-460A-9274-5D46C99E9B79}.Release|Any CPU.ActiveCfg = Release|Any CPU
		{1C90640C-8537-460A-9274-5D46C99E9B79}.Release|Any CPU.Build.0 = Release|Any CPU
		{1C90640C-8537-460A-9274-5D46C99E9B79}.Release|x64.ActiveCfg = Release|Any CPU
		{1C90640C-8537-460A-9274-5D46C99E9B79}.Release|x64.Build.0 = Release|Any CPU
		{1C90640C-8537-460A-9274-5D46C99E9B79}.Release|x86.ActiveCfg = Release|Any CPU
		{1C90640C-8537-460A-9274-5D46C99E9B79}.Release|x86.Build.0 = Release|Any CPU
		{8FBF4529-5C60-4D6B-8E9E-ACB719ADD559}.Debug|Any CPU.ActiveCfg = Debug|Any CPU
		{8FBF4529-5C60-4D6B-8E9E-ACB719ADD559}.Debug|Any CPU.Build.0 = Debug|Any CPU
		{8FBF4529-5C60-4D6B-8E9E-ACB719ADD559}.Debug|x64.ActiveCfg = Debug|Any CPU
		{8FBF4529-5C60-4D6B-8E9E-ACB719ADD559}.Debug|x64.Build.0 = Debug|Any CPU
		{8FBF4529-5C60-4D6B-8E9E-ACB719ADD559}.Debug|x86.ActiveCfg = Debug|Any CPU
		{8FBF4529-5C60-4D6B-8E9E-ACB719ADD559}.Debug|x86.Build.0 = Debug|Any CPU
		{8FBF4529-5C60-4D6B-8E9E-ACB719ADD559}.Release|Any CPU.ActiveCfg = Release|Any CPU
		{8FBF4529-5C60-4D6B-8E9E-ACB719ADD559}.Release|Any CPU.Build.0 = Release|Any CPU
		{8FBF4529-5C60-4D6B-8E9E-ACB719ADD559}.Release|x64.ActiveCfg = Release|Any CPU
		{8FBF4529-5C60-4D6B-8E9E-ACB719ADD559}.Release|x64.Build.0 = Release|Any CPU
		{8FBF4529-5C60-4D6B-8E9E-ACB719ADD559}.Release|x86.ActiveCfg = Release|Any CPU
		{8FBF4529-5C60-4D6B-8E9E-ACB719ADD559}.Release|x86.Build.0 = Release|Any CPU
		{2F957396-F3E2-4C29-A78F-7828F05EDB04}.Debug|Any CPU.ActiveCfg = Debug|Any CPU
		{2F957396-F3E2-4C29-A78F-7828F05EDB04}.Debug|Any CPU.Build.0 = Debug|Any CPU
		{2F957396-F3E2-4C29-A78F-7828F05EDB04}.Debug|x64.ActiveCfg = Debug|Any CPU
		{2F957396-F3E2-4C29-A78F-7828F05EDB04}.Debug|x64.Build.0 = Debug|Any CPU
		{2F957396-F3E2-4C29-A78F-7828F05EDB04}.Debug|x86.ActiveCfg = Debug|Any CPU
		{2F957396-F3E2-4C29-A78F-7828F05EDB04}.Debug|x86.Build.0 = Debug|Any CPU
		{2F957396-F3E2-4C29-A78F-7828F05EDB04}.Release|Any CPU.ActiveCfg = Release|Any CPU
		{2F957396-F3E2-4C29-A78F-7828F05EDB04}.Release|Any CPU.Build.0 = Release|Any CPU
		{2F957396-F3E2-4C29-A78F-7828F05EDB04}.Release|x64.ActiveCfg = Release|Any CPU
		{2F957396-F3E2-4C29-A78F-7828F05EDB04}.Release|x64.Build.0 = Release|Any CPU
		{2F957396-F3E2-4C29-A78F-7828F05EDB04}.Release|x86.ActiveCfg = Release|Any CPU
		{2F957396-F3E2-4C29-A78F-7828F05EDB04}.Release|x86.Build.0 = Release|Any CPU
		{410AE7D4-D8A9-484D-B17D-3A0159F3918B}.Debug|Any CPU.ActiveCfg = Debug|Any CPU
		{410AE7D4-D8A9-484D-B17D-3A0159F3918B}.Debug|Any CPU.Build.0 = Debug|Any CPU
		{410AE7D4-D8A9-484D-B17D-3A0159F3918B}.Debug|x64.ActiveCfg = Debug|Any CPU
		{410AE7D4-D8A9-484D-B17D-3A0159F3918B}.Debug|x64.Build.0 = Debug|Any CPU
		{410AE7D4-D8A9-484D-B17D-3A0159F3918B}.Debug|x86.ActiveCfg = Debug|Any CPU
		{410AE7D4-D8A9-484D-B17D-3A0159F3918B}.Debug|x86.Build.0 = Debug|Any CPU
		{410AE7D4-D8A9-484D-B17D-3A0159F3918B}.Release|Any CPU.ActiveCfg = Release|Any CPU
		{410AE7D4-D8A9-484D-B17D-3A0159F3918B}.Release|Any CPU.Build.0 = Release|Any CPU
		{410AE7D4-D8A9-484D-B17D-3A0159F3918B}.Release|x64.ActiveCfg = Release|Any CPU
		{410AE7D4-D8A9-484D-B17D-3A0159F3918B}.Release|x64.Build.0 = Release|Any CPU
		{410AE7D4-D8A9-484D-B17D-3A0159F3918B}.Release|x86.ActiveCfg = Release|Any CPU
		{410AE7D4-D8A9-484D-B17D-3A0159F3918B}.Release|x86.Build.0 = Release|Any CPU
		{D4FB70C0-5AC0-4B56-B821-7EA645B082D1}.Debug|Any CPU.ActiveCfg = Debug|Any CPU
		{D4FB70C0-5AC0-4B56-B821-7EA645B082D1}.Debug|Any CPU.Build.0 = Debug|Any CPU
		{D4FB70C0-5AC0-4B56-B821-7EA645B082D1}.Debug|x64.ActiveCfg = Debug|Any CPU
		{D4FB70C0-5AC0-4B56-B821-7EA645B082D1}.Debug|x64.Build.0 = Debug|Any CPU
		{D4FB70C0-5AC0-4B56-B821-7EA645B082D1}.Debug|x86.ActiveCfg = Debug|Any CPU
		{D4FB70C0-5AC0-4B56-B821-7EA645B082D1}.Debug|x86.Build.0 = Debug|Any CPU
		{D4FB70C0-5AC0-4B56-B821-7EA645B082D1}.Release|Any CPU.ActiveCfg = Release|Any CPU
		{D4FB70C0-5AC0-4B56-B821-7EA645B082D1}.Release|Any CPU.Build.0 = Release|Any CPU
		{D4FB70C0-5AC0-4B56-B821-7EA645B082D1}.Release|x64.ActiveCfg = Release|Any CPU
		{D4FB70C0-5AC0-4B56-B821-7EA645B082D1}.Release|x64.Build.0 = Release|Any CPU
		{D4FB70C0-5AC0-4B56-B821-7EA645B082D1}.Release|x86.ActiveCfg = Release|Any CPU
		{D4FB70C0-5AC0-4B56-B821-7EA645B082D1}.Release|x86.Build.0 = Release|Any CPU
		{755DDF9B-DFDC-4706-BBCE-B69445D5DB88}.Debug|Any CPU.ActiveCfg = Debug|Any CPU
		{755DDF9B-DFDC-4706-BBCE-B69445D5DB88}.Debug|Any CPU.Build.0 = Debug|Any CPU
		{755DDF9B-DFDC-4706-BBCE-B69445D5DB88}.Debug|x64.ActiveCfg = Debug|Any CPU
		{755DDF9B-DFDC-4706-BBCE-B69445D5DB88}.Debug|x64.Build.0 = Debug|Any CPU
		{755DDF9B-DFDC-4706-BBCE-B69445D5DB88}.Debug|x86.ActiveCfg = Debug|Any CPU
		{755DDF9B-DFDC-4706-BBCE-B69445D5DB88}.Debug|x86.Build.0 = Debug|Any CPU
		{755DDF9B-DFDC-4706-BBCE-B69445D5DB88}.Release|Any CPU.ActiveCfg = Release|Any CPU
		{755DDF9B-DFDC-4706-BBCE-B69445D5DB88}.Release|Any CPU.Build.0 = Release|Any CPU
		{755DDF9B-DFDC-4706-BBCE-B69445D5DB88}.Release|x64.ActiveCfg = Release|Any CPU
		{755DDF9B-DFDC-4706-BBCE-B69445D5DB88}.Release|x64.Build.0 = Release|Any CPU
		{755DDF9B-DFDC-4706-BBCE-B69445D5DB88}.Release|x86.ActiveCfg = Release|Any CPU
		{755DDF9B-DFDC-4706-BBCE-B69445D5DB88}.Release|x86.Build.0 = Release|Any CPU
		{2766B681-1384-4BED-B5B5-976D5E972743}.Debug|Any CPU.ActiveCfg = Debug|Any CPU
		{2766B681-1384-4BED-B5B5-976D5E972743}.Debug|Any CPU.Build.0 = Debug|Any CPU
		{2766B681-1384-4BED-B5B5-976D5E972743}.Debug|x64.ActiveCfg = Debug|Any CPU
		{2766B681-1384-4BED-B5B5-976D5E972743}.Debug|x64.Build.0 = Debug|Any CPU
		{2766B681-1384-4BED-B5B5-976D5E972743}.Debug|x86.ActiveCfg = Debug|Any CPU
		{2766B681-1384-4BED-B5B5-976D5E972743}.Debug|x86.Build.0 = Debug|Any CPU
		{2766B681-1384-4BED-B5B5-976D5E972743}.Release|Any CPU.ActiveCfg = Release|Any CPU
		{2766B681-1384-4BED-B5B5-976D5E972743}.Release|Any CPU.Build.0 = Release|Any CPU
		{2766B681-1384-4BED-B5B5-976D5E972743}.Release|x64.ActiveCfg = Release|Any CPU
		{2766B681-1384-4BED-B5B5-976D5E972743}.Release|x64.Build.0 = Release|Any CPU
		{2766B681-1384-4BED-B5B5-976D5E972743}.Release|x86.ActiveCfg = Release|Any CPU
		{2766B681-1384-4BED-B5B5-976D5E972743}.Release|x86.Build.0 = Release|Any CPU
		{6DBE9C41-4EA9-4F88-B29A-2E3C232E14A0}.Debug|Any CPU.ActiveCfg = Debug|Any CPU
		{6DBE9C41-4EA9-4F88-B29A-2E3C232E14A0}.Debug|Any CPU.Build.0 = Debug|Any CPU
		{6DBE9C41-4EA9-4F88-B29A-2E3C232E14A0}.Debug|x64.ActiveCfg = Debug|Any CPU
		{6DBE9C41-4EA9-4F88-B29A-2E3C232E14A0}.Debug|x64.Build.0 = Debug|Any CPU
		{6DBE9C41-4EA9-4F88-B29A-2E3C232E14A0}.Debug|x86.ActiveCfg = Debug|Any CPU
		{6DBE9C41-4EA9-4F88-B29A-2E3C232E14A0}.Debug|x86.Build.0 = Debug|Any CPU
		{6DBE9C41-4EA9-4F88-B29A-2E3C232E14A0}.Release|Any CPU.ActiveCfg = Release|Any CPU
		{6DBE9C41-4EA9-4F88-B29A-2E3C232E14A0}.Release|Any CPU.Build.0 = Release|Any CPU
		{6DBE9C41-4EA9-4F88-B29A-2E3C232E14A0}.Release|x64.ActiveCfg = Release|Any CPU
		{6DBE9C41-4EA9-4F88-B29A-2E3C232E14A0}.Release|x64.Build.0 = Release|Any CPU
		{6DBE9C41-4EA9-4F88-B29A-2E3C232E14A0}.Release|x86.ActiveCfg = Release|Any CPU
		{6DBE9C41-4EA9-4F88-B29A-2E3C232E14A0}.Release|x86.Build.0 = Release|Any CPU
		{9CFEA331-1EB5-45F7-96F7-41801AB1652F}.Debug|Any CPU.ActiveCfg = Debug|Any CPU
		{9CFEA331-1EB5-45F7-96F7-41801AB1652F}.Debug|Any CPU.Build.0 = Debug|Any CPU
		{9CFEA331-1EB5-45F7-96F7-41801AB1652F}.Debug|x64.ActiveCfg = Debug|Any CPU
		{9CFEA331-1EB5-45F7-96F7-41801AB1652F}.Debug|x64.Build.0 = Debug|Any CPU
		{9CFEA331-1EB5-45F7-96F7-41801AB1652F}.Debug|x86.ActiveCfg = Debug|Any CPU
		{9CFEA331-1EB5-45F7-96F7-41801AB1652F}.Debug|x86.Build.0 = Debug|Any CPU
		{9CFEA331-1EB5-45F7-96F7-41801AB1652F}.Release|Any CPU.ActiveCfg = Release|Any CPU
		{9CFEA331-1EB5-45F7-96F7-41801AB1652F}.Release|Any CPU.Build.0 = Release|Any CPU
		{9CFEA331-1EB5-45F7-96F7-41801AB1652F}.Release|x64.ActiveCfg = Release|Any CPU
		{9CFEA331-1EB5-45F7-96F7-41801AB1652F}.Release|x64.Build.0 = Release|Any CPU
		{9CFEA331-1EB5-45F7-96F7-41801AB1652F}.Release|x86.ActiveCfg = Release|Any CPU
		{9CFEA331-1EB5-45F7-96F7-41801AB1652F}.Release|x86.Build.0 = Release|Any CPU
		{111022A8-0D04-4DF3-A62E-465ED68B24FF}.Debug|Any CPU.ActiveCfg = Debug|Any CPU
		{111022A8-0D04-4DF3-A62E-465ED68B24FF}.Debug|Any CPU.Build.0 = Debug|Any CPU
		{111022A8-0D04-4DF3-A62E-465ED68B24FF}.Debug|x64.ActiveCfg = Debug|Any CPU
		{111022A8-0D04-4DF3-A62E-465ED68B24FF}.Debug|x64.Build.0 = Debug|Any CPU
		{111022A8-0D04-4DF3-A62E-465ED68B24FF}.Debug|x86.ActiveCfg = Debug|Any CPU
		{111022A8-0D04-4DF3-A62E-465ED68B24FF}.Debug|x86.Build.0 = Debug|Any CPU
		{111022A8-0D04-4DF3-A62E-465ED68B24FF}.Release|Any CPU.ActiveCfg = Release|Any CPU
		{111022A8-0D04-4DF3-A62E-465ED68B24FF}.Release|Any CPU.Build.0 = Release|Any CPU
		{111022A8-0D04-4DF3-A62E-465ED68B24FF}.Release|x64.ActiveCfg = Release|Any CPU
		{111022A8-0D04-4DF3-A62E-465ED68B24FF}.Release|x64.Build.0 = Release|Any CPU
		{111022A8-0D04-4DF3-A62E-465ED68B24FF}.Release|x86.ActiveCfg = Release|Any CPU
		{111022A8-0D04-4DF3-A62E-465ED68B24FF}.Release|x86.Build.0 = Release|Any CPU
		{2DC46035-03E5-4043-A7A6-CF76B6B76963}.Debug|Any CPU.ActiveCfg = Debug|Any CPU
		{2DC46035-03E5-4043-A7A6-CF76B6B76963}.Debug|Any CPU.Build.0 = Debug|Any CPU
		{2DC46035-03E5-4043-A7A6-CF76B6B76963}.Debug|x64.ActiveCfg = Debug|Any CPU
		{2DC46035-03E5-4043-A7A6-CF76B6B76963}.Debug|x64.Build.0 = Debug|Any CPU
		{2DC46035-03E5-4043-A7A6-CF76B6B76963}.Debug|x86.ActiveCfg = Debug|Any CPU
		{2DC46035-03E5-4043-A7A6-CF76B6B76963}.Debug|x86.Build.0 = Debug|Any CPU
		{2DC46035-03E5-4043-A7A6-CF76B6B76963}.Release|Any CPU.ActiveCfg = Release|Any CPU
		{2DC46035-03E5-4043-A7A6-CF76B6B76963}.Release|Any CPU.Build.0 = Release|Any CPU
		{2DC46035-03E5-4043-A7A6-CF76B6B76963}.Release|x64.ActiveCfg = Release|Any CPU
		{2DC46035-03E5-4043-A7A6-CF76B6B76963}.Release|x64.Build.0 = Release|Any CPU
		{2DC46035-03E5-4043-A7A6-CF76B6B76963}.Release|x86.ActiveCfg = Release|Any CPU
		{2DC46035-03E5-4043-A7A6-CF76B6B76963}.Release|x86.Build.0 = Release|Any CPU
	EndGlobalSection
	GlobalSection(SolutionProperties) = preSolution
		HideSolutionNode = FALSE
	EndGlobalSection
	GlobalSection(NestedProjects) = preSolution
		{11E7BD48-424C-431A-B93B-0985CFFBB6B0} = {15F298D4-4066-4FF0-8269-81813A4A0BFB}
		{BC8BAFB9-6C0E-41CF-84AC-F2C28E03BB6E} = {15F298D4-4066-4FF0-8269-81813A4A0BFB}
		{6F69D211-4111-4760-9DE9-182B4272D809} = {15F298D4-4066-4FF0-8269-81813A4A0BFB}
		{1C90640C-8537-460A-9274-5D46C99E9B79} = {15F298D4-4066-4FF0-8269-81813A4A0BFB}
		{8FBF4529-5C60-4D6B-8E9E-ACB719ADD559} = {15F298D4-4066-4FF0-8269-81813A4A0BFB}
		{2F957396-F3E2-4C29-A78F-7828F05EDB04} = {15F298D4-4066-4FF0-8269-81813A4A0BFB}
		{410AE7D4-D8A9-484D-B17D-3A0159F3918B} = {15F298D4-4066-4FF0-8269-81813A4A0BFB}
		{D4FB70C0-5AC0-4B56-B821-7EA645B082D1} = {15F298D4-4066-4FF0-8269-81813A4A0BFB}
		{755DDF9B-DFDC-4706-BBCE-B69445D5DB88} = {15F298D4-4066-4FF0-8269-81813A4A0BFB}
		{111022A8-0D04-4DF3-A62E-465ED68B24FF} = {15F298D4-4066-4FF0-8269-81813A4A0BFB}
	EndGlobalSection
EndGlobal
